// !$*UTF8*$!
{
	archiveVersion = 1;
	classes = {
	};
	objectVersion = 46;
	objects = {

/* Begin PBXBuildFile section */
		343E549C1DABAFA90016A406 /* main.m in Sources */ = {isa = PBXBuildFile; fileRef = 343E549B1DABAFA90016A406 /* main.m */; };
		343E549F1DABAFA90016A406 /* AppDelegate.m in Sources */ = {isa = PBXBuildFile; fileRef = 343E549E1DABAFA90016A406 /* AppDelegate.m */; };
		343E54A21DABAFA90016A406 /* ViewController.m in Sources */ = {isa = PBXBuildFile; fileRef = 343E54A11DABAFA90016A406 /* ViewController.m */; };
		343E54A51DABAFA90016A406 /* Main.storyboard in Resources */ = {isa = PBXBuildFile; fileRef = 343E54A31DABAFA90016A406 /* Main.storyboard */; };
		343E54A71DABAFA90016A406 /* Assets.xcassets in Resources */ = {isa = PBXBuildFile; fileRef = 343E54A61DABAFA90016A406 /* Assets.xcassets */; };
		343E54AA1DABAFA90016A406 /* LaunchScreen.storyboard in Resources */ = {isa = PBXBuildFile; fileRef = 343E54A81DABAFA90016A406 /* LaunchScreen.storyboard */; };
		343E54B51DABAFA90016A406 /* Test_GestureTests.m in Sources */ = {isa = PBXBuildFile; fileRef = 343E54B41DABAFA90016A406 /* Test_GestureTests.m */; };
		343E54C01DABAFA90016A406 /* Test_GestureUITests.m in Sources */ = {isa = PBXBuildFile; fileRef = 343E54BF1DABAFA90016A406 /* Test_GestureUITests.m */; };
		343E54D21DABB09D0016A406 /* UIGestureRecognizer+Block.m in Sources */ = {isa = PBXBuildFile; fileRef = 343E54D11DABB09D0016A406 /* UIGestureRecognizer+Block.m */; };
/* End PBXBuildFile section */

/* Begin PBXContainerItemProxy section */
		343E54B11DABAFA90016A406 /* PBXContainerItemProxy */ = {
			isa = PBXContainerItemProxy;
			containerPortal = 343E548F1DABAFA90016A406 /* Project object */;
			proxyType = 1;
			remoteGlobalIDString = 343E54961DABAFA90016A406;
			remoteInfo = Test_Gesture;
		};
		343E54BC1DABAFA90016A406 /* PBXContainerItemProxy */ = {
			isa = PBXContainerItemProxy;
			containerPortal = 343E548F1DABAFA90016A406 /* Project object */;
			proxyType = 1;
			remoteGlobalIDString = 343E54961DABAFA90016A406;
			remoteInfo = Test_Gesture;
		};
/* End PBXContainerItemProxy section */

/* Begin PBXFileReference section */
		343E54971DABAFA90016A406 /* Test_Gesture.app */ = {isa = PBXFileReference; explicitFileType = wrapper.application; includeInIndex = 0; path = Test_Gesture.app; sourceTree = BUILT_PRODUCTS_DIR; };
		343E549B1DABAFA90016A406 /* main.m */ = {isa = PBXFileReference; lastKnownFileType = sourcecode.c.objc; path = main.m; sourceTree = "<group>"; };
		343E549D1DABAFA90016A406 /* AppDelegate.h */ = {isa = PBXFileReference; lastKnownFileType = sourcecode.c.h; path = AppDelegate.h; sourceTree = "<group>"; };
		343E549E1DABAFA90016A406 /* AppDelegate.m */ = {isa = PBXFileReference; lastKnownFileType = sourcecode.c.objc; path = AppDelegate.m; sourceTree = "<group>"; };
		343E54A01DABAFA90016A406 /* ViewController.h */ = {isa = PBXFileReference; lastKnownFileType = sourcecode.c.h; path = ViewController.h; sourceTree = "<group>"; };
		343E54A11DABAFA90016A406 /* ViewController.m */ = {isa = PBXFileReference; lastKnownFileType = sourcecode.c.objc; path = ViewController.m; sourceTree = "<group>"; };
		343E54A41DABAFA90016A406 /* Base */ = {isa = PBXFileReference; lastKnownFileType = file.storyboard; name = Base; path = Base.lproj/Main.storyboard; sourceTree = "<group>"; };
		343E54A61DABAFA90016A406 /* Assets.xcassets */ = {isa = PBXFileReference; lastKnownFileType = folder.assetcatalog; path = Assets.xcassets; sourceTree = "<group>"; };
		343E54A91DABAFA90016A406 /* Base */ = {isa = PBXFileReference; lastKnownFileType = file.storyboard; name = Base; path = Base.lproj/LaunchScreen.storyboard; sourceTree = "<group>"; };
		343E54AB1DABAFA90016A406 /* Info.plist */ = {isa = PBXFileReference; lastKnownFileType = text.plist.xml; path = Info.plist; sourceTree = "<group>"; };
		343E54B01DABAFA90016A406 /* Test_GestureTests.xctest */ = {isa = PBXFileReference; explicitFileType = wrapper.cfbundle; includeInIndex = 0; path = Test_GestureTests.xctest; sourceTree = BUILT_PRODUCTS_DIR; };
		343E54B41DABAFA90016A406 /* Test_GestureTests.m */ = {isa = PBXFileReference; lastKnownFileType = sourcecode.c.objc; path = Test_GestureTests.m; sourceTree = "<group>"; };
		343E54B61DABAFA90016A406 /* Info.plist */ = {isa = PBXFileReference; lastKnownFileType = text.plist.xml; path = Info.plist; sourceTree = "<group>"; };
		343E54BB1DABAFA90016A406 /* Test_GestureUITests.xctest */ = {isa = PBXFileReference; explicitFileType = wrapper.cfbundle; includeInIndex = 0; path = Test_GestureUITests.xctest; sourceTree = BUILT_PRODUCTS_DIR; };
		343E54BF1DABAFA90016A406 /* Test_GestureUITests.m */ = {isa = PBXFileReference; lastKnownFileType = sourcecode.c.objc; path = Test_GestureUITests.m; sourceTree = "<group>"; };
		343E54C11DABAFA90016A406 /* Info.plist */ = {isa = PBXFileReference; lastKnownFileType = text.plist.xml; path = Info.plist; sourceTree = "<group>"; };
		343E54D01DABB09D0016A406 /* UIGestureRecognizer+Block.h */ = {isa = PBXFileReference; fileEncoding = 4; lastKnownFileType = sourcecode.c.h; path = "UIGestureRecognizer+Block.h"; sourceTree = "<group>"; };
		343E54D11DABB09D0016A406 /* UIGestureRecognizer+Block.m */ = {isa = PBXFileReference; fileEncoding = 4; lastKnownFileType = sourcecode.c.objc; path = "UIGestureRecognizer+Block.m"; sourceTree = "<group>"; };
/* End PBXFileReference section */

/* Begin PBXFrameworksBuildPhase section */
		343E54941DABAFA90016A406 /* Frameworks */ = {
			isa = PBXFrameworksBuildPhase;
			buildActionMask = 2147483647;
			files = (
			);
			runOnlyForDeploymentPostprocessing = 0;
		};
		343E54AD1DABAFA90016A406 /* Frameworks */ = {
			isa = PBXFrameworksBuildPhase;
			buildActionMask = 2147483647;
			files = (
			);
			runOnlyForDeploymentPostprocessing = 0;
		};
		343E54B81DABAFA90016A406 /* Frameworks */ = {
			isa = PBXFrameworksBuildPhase;
			buildActionMask = 2147483647;
			files = (
			);
			runOnlyForDeploymentPostprocessing = 0;
		};
/* End PBXFrameworksBuildPhase section */

/* Begin PBXGroup section */
		343E548E1DABAFA90016A406 = {
			isa = PBXGroup;
			children = (
				343E54991DABAFA90016A406 /* Test_Gesture */,
				343E54B31DABAFA90016A406 /* Test_GestureTests */,
				343E54BE1DABAFA90016A406 /* Test_GestureUITests */,
				343E54981DABAFA90016A406 /* Products */,
			);
			sourceTree = "<group>";
		};
		343E54981DABAFA90016A406 /* Products */ = {
			isa = PBXGroup;
			children = (
				343E54971DABAFA90016A406 /* Test_Gesture.app */,
				343E54B01DABAFA90016A406 /* Test_GestureTests.xctest */,
				343E54BB1DABAFA90016A406 /* Test_GestureUITests.xctest */,
			);
			name = Products;
			sourceTree = "<group>";
		};
		343E54991DABAFA90016A406 /* Test_Gesture */ = {
			isa = PBXGroup;
			children = (
				343E549D1DABAFA90016A406 /* AppDelegate.h */,
				343E549E1DABAFA90016A406 /* AppDelegate.m */,
				343E54A01DABAFA90016A406 /* ViewController.h */,
				343E54A11DABAFA90016A406 /* ViewController.m */,
				343E54A31DABAFA90016A406 /* Main.storyboard */,
				343E54A61DABAFA90016A406 /* Assets.xcassets */,
				343E54A81DABAFA90016A406 /* LaunchScreen.storyboard */,
				343E54AB1DABAFA90016A406 /* Info.plist */,
				343E549A1DABAFA90016A406 /* Supporting Files */,
				343E54D01DABB09D0016A406 /* UIGestureRecognizer+Block.h */,
				343E54D11DABB09D0016A406 /* UIGestureRecognizer+Block.m */,
			);
			path = Test_Gesture;
			sourceTree = "<group>";
		};
		343E549A1DABAFA90016A406 /* Supporting Files */ = {
			isa = PBXGroup;
			children = (
				343E549B1DABAFA90016A406 /* main.m */,
			);
			name = "Supporting Files";
			sourceTree = "<group>";
		};
		343E54B31DABAFA90016A406 /* Test_GestureTests */ = {
			isa = PBXGroup;
			children = (
				343E54B41DABAFA90016A406 /* Test_GestureTests.m */,
				343E54B61DABAFA90016A406 /* Info.plist */,
			);
			path = Test_GestureTests;
			sourceTree = "<group>";
		};
		343E54BE1DABAFA90016A406 /* Test_GestureUITests */ = {
			isa = PBXGroup;
			children = (
				343E54BF1DABAFA90016A406 /* Test_GestureUITests.m */,
				343E54C11DABAFA90016A406 /* Info.plist */,
			);
			path = Test_GestureUITests;
			sourceTree = "<group>";
		};
/* End PBXGroup section */

/* Begin PBXNativeTarget section */
		343E54961DABAFA90016A406 /* Test_Gesture */ = {
			isa = PBXNativeTarget;
			buildConfigurationList = 343E54C41DABAFAA0016A406 /* Build configuration list for PBXNativeTarget "Test_Gesture" */;
			buildPhases = (
				343E54931DABAFA90016A406 /* Sources */,
				343E54941DABAFA90016A406 /* Frameworks */,
				343E54951DABAFA90016A406 /* Resources */,
			);
			buildRules = (
			);
			dependencies = (
			);
			name = Test_Gesture;
			productName = Test_Gesture;
			productReference = 343E54971DABAFA90016A406 /* Test_Gesture.app */;
			productType = "com.apple.product-type.application";
		};
		343E54AF1DABAFA90016A406 /* Test_GestureTests */ = {
			isa = PBXNativeTarget;
			buildConfigurationList = 343E54C71DABAFAA0016A406 /* Build configuration list for PBXNativeTarget "Test_GestureTests" */;
			buildPhases = (
				343E54AC1DABAFA90016A406 /* Sources */,
				343E54AD1DABAFA90016A406 /* Frameworks */,
				343E54AE1DABAFA90016A406 /* Resources */,
			);
			buildRules = (
			);
			dependencies = (
				343E54B21DABAFA90016A406 /* PBXTargetDependency */,
			);
			name = Test_GestureTests;
			productName = Test_GestureTests;
			productReference = 343E54B01DABAFA90016A406 /* Test_GestureTests.xctest */;
			productType = "com.apple.product-type.bundle.unit-test";
		};
		343E54BA1DABAFA90016A406 /* Test_GestureUITests */ = {
			isa = PBXNativeTarget;
			buildConfigurationList = 343E54CA1DABAFAA0016A406 /* Build configuration list for PBXNativeTarget "Test_GestureUITests" */;
			buildPhases = (
				343E54B71DABAFA90016A406 /* Sources */,
				343E54B81DABAFA90016A406 /* Frameworks */,
				343E54B91DABAFA90016A406 /* Resources */,
			);
			buildRules = (
			);
			dependencies = (
				343E54BD1DABAFA90016A406 /* PBXTargetDependency */,
			);
			name = Test_GestureUITests;
			productName = Test_GestureUITests;
			productReference = 343E54BB1DABAFA90016A406 /* Test_GestureUITests.xctest */;
			productType = "com.apple.product-type.bundle.ui-testing";
		};
/* End PBXNativeTarget section */

/* Begin PBXProject section */
		343E548F1DABAFA90016A406 /* Project object */ = {
			isa = PBXProject;
			attributes = {
				LastUpgradeCheck = 0800;
				ORGANIZATIONNAME = Chuan;
				TargetAttributes = {
					343E54961DABAFA90016A406 = {
						CreatedOnToolsVersion = 8.0;
						ProvisioningStyle = Automatic;
					};
					343E54AF1DABAFA90016A406 = {
						CreatedOnToolsVersion = 8.0;
						ProvisioningStyle = Automatic;
						TestTargetID = 343E54961DABAFA90016A406;
					};
					343E54BA1DABAFA90016A406 = {
						CreatedOnToolsVersion = 8.0;
						ProvisioningStyle = Automatic;
						TestTargetID = 343E54961DABAFA90016A406;
					};
				};
			};
			buildConfigurationList = 343E54921DABAFA90016A406 /* Build configuration list for PBXProject "Test_Gesture" */;
			compatibilityVersion = "Xcode 3.2";
			developmentRegion = English;
			hasScannedForEncodings = 0;
			knownRegions = (
				en,
				Base,
			);
			mainGroup = 343E548E1DABAFA90016A406;
			productRefGroup = 343E54981DABAFA90016A406 /* Products */;
			projectDirPath = "";
			projectRoot = "";
			targets = (
				343E54961DABAFA90016A406 /* Test_Gesture */,
				343E54AF1DABAFA90016A406 /* Test_GestureTests */,
				343E54BA1DABAFA90016A406 /* Test_GestureUITests */,
			);
		};
/* End PBXProject section */

/* Begin PBXResourcesBuildPhase section */
		343E54951DABAFA90016A406 /* Resources */ = {
			isa = PBXResourcesBuildPhase;
			buildActionMask = 2147483647;
			files = (
				343E54AA1DABAFA90016A406 /* LaunchScreen.storyboard in Resources */,
				343E54A71DABAFA90016A406 /* Assets.xcassets in Resources */,
				343E54A51DABAFA90016A406 /* Main.storyboard in Resources */,
			);
			runOnlyForDeploymentPostprocessing = 0;
		};
		343E54AE1DABAFA90016A406 /* Resources */ = {
			isa = PBXResourcesBuildPhase;
			buildActionMask = 2147483647;
			files = (
			);
			runOnlyForDeploymentPostprocessing = 0;
		};
		343E54B91DABAFA90016A406 /* Resources */ = {
			isa = PBXResourcesBuildPhase;
			buildActionMask = 2147483647;
			files = (
			);
			runOnlyForDeploymentPostprocessing = 0;
		};
/* End PBXResourcesBuildPhase section */

/* Begin PBXSourcesBuildPhase section */
		343E54931DABAFA90016A406 /* Sources */ = {
			isa = PBXSourcesBuildPhase;
			buildActionMask = 2147483647;
			files = (
				343E54A21DABAFA90016A406 /* ViewController.m in Sources */,
				343E54D21DABB09D0016A406 /* UIGestureRecognizer+Block.m in Sources */,
				343E549F1DABAFA90016A406 /* AppDelegate.m in Sources */,
				343E549C1DABAFA90016A406 /* main.m in Sources */,
			);
			runOnlyForDeploymentPostprocessing = 0;
		};
		343E54AC1DABAFA90016A406 /* Sources */ = {
			isa = PBXSourcesBuildPhase;
			buildActionMask = 2147483647;
			files = (
				343E54B51DABAFA90016A406 /* Test_GestureTests.m in Sources */,
			);
			runOnlyForDeploymentPostprocessing = 0;
		};
		343E54B71DABAFA90016A406 /* Sources */ = {
			isa = PBXSourcesBuildPhase;
			buildActionMask = 2147483647;
			files = (
				343E54C01DABAFA90016A406 /* Test_GestureUITests.m in Sources */,
			);
			runOnlyForDeploymentPostprocessing = 0;
		};
/* End PBXSourcesBuildPhase section */

/* Begin PBXTargetDependency section */
		343E54B21DABAFA90016A406 /* PBXTargetDependency */ = {
			isa = PBXTargetDependency;
			target = 343E54961DABAFA90016A406 /* Test_Gesture */;
			targetProxy = 343E54B11DABAFA90016A406 /* PBXContainerItemProxy */;
		};
		343E54BD1DABAFA90016A406 /* PBXTargetDependency */ = {
			isa = PBXTargetDependency;
			target = 343E54961DABAFA90016A406 /* Test_Gesture */;
			targetProxy = 343E54BC1DABAFA90016A406 /* PBXContainerItemProxy */;
		};
/* End PBXTargetDependency section */

/* Begin PBXVariantGroup section */
		343E54A31DABAFA90016A406 /* Main.storyboard */ = {
			isa = PBXVariantGroup;
			children = (
				343E54A41DABAFA90016A406 /* Base */,
			);
			name = Main.storyboard;
			sourceTree = "<group>";
		};
		343E54A81DABAFA90016A406 /* LaunchScreen.storyboard */ = {
			isa = PBXVariantGroup;
			children = (
				343E54A91DABAFA90016A406 /* Base */,
			);
			name = LaunchScreen.storyboard;
			sourceTree = "<group>";
		};
/* End PBXVariantGroup section */

/* Begin XCBuildConfiguration section */
		343E54C21DABAFAA0016A406 /* Debug */ = {
			isa = XCBuildConfiguration;
			buildSettings = {
				ALWAYS_SEARCH_USER_PATHS = NO;
				CLANG_ANALYZER_NONNULL = YES;
				CLANG_CXX_LANGUAGE_STANDARD = "gnu++0x";
				CLANG_CXX_LIBRARY = "libc++";
				CLANG_ENABLE_MODULES = YES;
				CLANG_ENABLE_OBJC_ARC = YES;
				CLANG_WARN_BOOL_CONVERSION = YES;
				CLANG_WARN_CONSTANT_CONVERSION = YES;
				CLANG_WARN_DIRECT_OBJC_ISA_USAGE = YES_ERROR;
				CLANG_WARN_DOCUMENTATION_COMMENTS = YES;
				CLANG_WARN_EMPTY_BODY = YES;
				CLANG_WARN_ENUM_CONVERSION = YES;
				CLANG_WARN_INFINITE_RECURSION = YES;
				CLANG_WARN_INT_CONVERSION = YES;
				CLANG_WARN_OBJC_ROOT_CLASS = YES_ERROR;
				CLANG_WARN_SUSPICIOUS_MOVES = YES;
				CLANG_WARN_UNREACHABLE_CODE = YES;
				CLANG_WARN__DUPLICATE_METHOD_MATCH = YES;
				"CODE_SIGN_IDENTITY[sdk=iphoneos*]" = "iPhone Developer";
				COPY_PHASE_STRIP = NO;
				DEBUG_INFORMATION_FORMAT = dwarf;
				ENABLE_STRICT_OBJC_MSGSEND = YES;
				ENABLE_TESTABILITY = YES;
				GCC_C_LANGUAGE_STANDARD = gnu99;
				GCC_DYNAMIC_NO_PIC = NO;
				GCC_NO_COMMON_BLOCKS = YES;
				GCC_OPTIMIZATION_LEVEL = 0;
				GCC_PREPROCESSOR_DEFINITIONS = (
					"DEBUG=1",
					"$(inherited)",
				);
				GCC_WARN_64_TO_32_BIT_CONVERSION = YES;
				GCC_WARN_ABOUT_RETURN_TYPE = YES_ERROR;
				GCC_WARN_UNDECLARED_SELECTOR = YES;
				GCC_WARN_UNINITIALIZED_AUTOS = YES_AGGRESSIVE;
				GCC_WARN_UNUSED_FUNCTION = YES;
				GCC_WARN_UNUSED_VARIABLE = YES;
				IPHONEOS_DEPLOYMENT_TARGET = 10.0;
				MTL_ENABLE_DEBUG_INFO = YES;
				ONLY_ACTIVE_ARCH = YES;
				SDKROOT = iphoneos;
				TARGETED_DEVICE_FAMILY = "1,2";
			};
			name = Debug;
		};
		343E54C31DABAFAA0016A406 /* Release */ = {
			isa = XCBuildConfiguration;
			buildSettings = {
				ALWAYS_SEARCH_USER_PATHS = NO;
				CLANG_ANALYZER_NONNULL = YES;
				CLANG_CXX_LANGUAGE_STANDARD = "gnu++0x";
				CLANG_CXX_LIBRARY = "libc++";
				CLANG_ENABLE_MODULES = YES;
				CLANG_ENABLE_OBJC_ARC = YES;
				CLANG_WARN_BOOL_CONVERSION = YES;
				CLANG_WARN_CONSTANT_CONVERSION = YES;
				CLANG_WARN_DIRECT_OBJC_ISA_USAGE = YES_ERROR;
				CLANG_WARN_DOCUMENTATION_COMMENTS = YES;
				CLANG_WARN_EMPTY_BODY = YES;
				CLANG_WARN_ENUM_CONVERSION = YES;
				CLANG_WARN_INFINITE_RECURSION = YES;
				CLANG_WARN_INT_CONVERSION = YES;
				CLANG_WARN_OBJC_ROOT_CLASS = YES_ERROR;
				CLANG_WARN_SUSPICIOUS_MOVES = YES;
				CLANG_WARN_UNREACHABLE_CODE = YES;
				CLANG_WARN__DUPLICATE_METHOD_MATCH = YES;
				"CODE_SIGN_IDENTITY[sdk=iphoneos*]" = "iPhone Developer";
				COPY_PHASE_STRIP = NO;
				DEBUG_INFORMATION_FORMAT = "dwarf-with-dsym";
				ENABLE_NS_ASSERTIONS = NO;
				ENABLE_STRICT_OBJC_MSGSEND = YES;
				GCC_C_LANGUAGE_STANDARD = gnu99;
				GCC_NO_COMMON_BLOCKS = YES;
				GCC_WARN_64_TO_32_BIT_CONVERSION = YES;
				GCC_WARN_ABOUT_RETURN_TYPE = YES_ERROR;
				GCC_WARN_UNDECLARED_SELECTOR = YES;
				GCC_WARN_UNINITIALIZED_AUTOS = YES_AGGRESSIVE;
				GCC_WARN_UNUSED_FUNCTION = YES;
				GCC_WARN_UNUSED_VARIABLE = YES;
				IPHONEOS_DEPLOYMENT_TARGET = 10.0;
				MTL_ENABLE_DEBUG_INFO = NO;
				SDKROOT = iphoneos;
				TARGETED_DEVICE_FAMILY = "1,2";
				VALIDATE_PRODUCT = YES;
			};
			name = Release;
		};
		343E54C51DABAFAA0016A406 /* Debug */ = {
			isa = XCBuildConfiguration;
			buildSettings = {
				ASSETCATALOG_COMPILER_APPICON_NAME = AppIcon;
				INFOPLIST_FILE = Test_Gesture/Info.plist;
				LD_RUNPATH_SEARCH_PATHS = "$(inherited) @executable_path/Frameworks";
				PRODUCT_BUNDLE_IDENTIFIER = "com.ly.www.Test-Gesture";
				PRODUCT_NAME = "$(TARGET_NAME)";
			};
			name = Debug;
		};
		343E54C61DABAFAA0016A406 /* Release */ = {
			isa = XCBuildConfiguration;
			buildSettings = {
				ASSETCATALOG_COMPILER_APPICON_NAME = AppIcon;
				INFOPLIST_FILE = Test_Gesture/Info.plist;
				LD_RUNPATH_SEARCH_PATHS = "$(inherited) @executable_path/Frameworks";
				PRODUCT_BUNDLE_IDENTIFIER = "com.ly.www.Test-Gesture";
				PRODUCT_NAME = "$(TARGET_NAME)";
			};
			name = Release;
		};
		343E54C81DABAFAA0016A406 /* Debug */ = {
			isa = XCBuildConfiguration;
			buildSettings = {
				BUNDLE_LOADER = "$(TEST_HOST)";
				INFOPLIST_FILE = Test_GestureTests/Info.plist;
				LD_RUNPATH_SEARCH_PATHS = "$(inherited) @executable_path/Frameworks @loader_path/Frameworks";
				PRODUCT_BUNDLE_IDENTIFIER = "com.ly.www.Test-GestureTests";
				PRODUCT_NAME = "$(TARGET_NAME)";
				TEST_HOST = "$(BUILT_PRODUCTS_DIR)/Test_Gesture.app/Test_Gesture";
			};
			name = Debug;
		};
		343E54C91DABAFAA0016A406 /* Release */ = {
			isa = XCBuildConfiguration;
			buildSettings = {
				BUNDLE_LOADER = "$(TEST_HOST)";
				INFOPLIST_FILE = Test_GestureTests/Info.plist;
				LD_RUNPATH_SEARCH_PATHS = "$(inherited) @executable_path/Frameworks @loader_path/Frameworks";
				PRODUCT_BUNDLE_IDENTIFIER = "com.ly.www.Test-GestureTests";
				PRODUCT_NAME = "$(TARGET_NAME)";
				TEST_HOST = "$(BUILT_PRODUCTS_DIR)/Test_Gesture.app/Test_Gesture";
			};
			name = Release;
		};
		343E54CB1DABAFAA0016A406 /* Debug */ = {
			isa = XCBuildConfiguration;
			buildSettings = {
				INFOPLIST_FILE = Test_GestureUITests/Info.plist;
				LD_RUNPATH_SEARCH_PATHS = "$(inherited) @executable_path/Frameworks @loader_path/Frameworks";
				PRODUCT_BUNDLE_IDENTIFIER = "com.ly.www.Test-GestureUITests";
				PRODUCT_NAME = "$(TARGET_NAME)";
				TEST_TARGET_NAME = Test_Gesture;
			};
			name = Debug;
		};
		343E54CC1DABAFAA0016A406 /* Release */ = {
			isa = XCBuildConfiguration;
			buildSettings = {
				INFOPLIST_FILE = Test_GestureUITests/Info.plist;
				LD_RUNPATH_SEARCH_PATHS = "$(inherited) @executable_path/Frameworks @loader_path/Frameworks";
				PRODUCT_BUNDLE_IDENTIFIER = "com.ly.www.Test-GestureUITests";
				PRODUCT_NAME = "$(TARGET_NAME)";
				TEST_TARGET_NAME = Test_Gesture;
			};
			name = Release;
		};
/* End XCBuildConfiguration section */

/* Begin XCConfigurationList section */
		343E54921DABAFA90016A406 /* Build configuration list for PBXProject "Test_Gesture" */ = {
			isa = XCConfigurationList;
			buildConfigurations = (
				343E54C21DABAFAA0016A406 /* Debug */,
				343E54C31DABAFAA0016A406 /* Release */,
			);
			defaultConfigurationIsVisible = 0;
			defaultConfigurationName = Release;
		};
		343E54C41DABAFAA0016A406 /* Build configuration list for PBXNativeTarget "Test_Gesture" */ = {
			isa = XCConfigurationList;
			buildConfigurations = (
				343E54C51DABAFAA0016A406 /* Debug */,
				343E54C61DABAFAA0016A406 /* Release */,
			);
			defaultConfigurationIsVisible = 0;
		};
		343E54C71DABAFAA0016A406 /* Build configuration list for PBXNativeTarget "Test_GestureTests" */ = {
			isa = XCConfigurationList;
			buildConfigurations = (
				343E54C81DABAFAA0016A406 /* Debug */,
				343E54C91DABAFAA0016A406 /* Release */,
			);
			defaultConfigurationIsVisible = 0;
		};
		343E54CA1DABAFAA0016A406 /* Build configuration list for PBXNativeTarget "Test_GestureUITests" */ = {
			isa = XCConfigurationList;
			buildConfigurations = (
				343E54CB1DABAFAA0016A406 /* Debug */,
				343E54CC1DABAFAA0016A406 /* Release */,
			);
			defaultConfigurationIsVisible = 0;
		};
/* End XCConfigurationList section */
	};
	rootObject = 343E548F1DABAFA90016A406 /* Project object */;
}
